
Microsoft Visual Studio Solution File, Format Version 12.00
# Visual Studio Version 17
VisualStudioVersion = 17.9.34723.18
MinimumVisualStudioVersion = 10.0.40219.1
Project("{FAE04EC0-301F-11D3-BF4B-00C04F79EFBC}") = "HW_v.7.1", "HW_v.7.1\HW_v.7.1.csproj", "{568BD5B2-B01E-4C9C-9AB3-6E35A284379B}"
EndProject
Global
	GlobalSection(SolutionConfigurationPlatforms) = preSolution
		Debug|Any CPU = Debug|Any CPU
		Release|Any CPU = Release|Any CPU
	EndGlobalSection
	GlobalSection(ProjectConfigurationPlatforms) = postSolution
		{568BD5B2-B01E-4C9C-9AB3-6E35A284379B}.Debug|Any CPU.ActiveCfg = Debug|Any CPU
		{568BD5B2-B01E-4C9C-9AB3-6E35A284379B}.Debug|Any CPU.Build.0 = Debug|Any CPU
		{568BD5B2-B01E-4C9C-9AB3-6E35A284379B}.Release|Any CPU.ActiveCfg = Release|Any CPU
		{568BD5B2-B01E-4C9C-9AB3-6E35A284379B}.Release|Any CPU.Build.0 = Release|Any CPU
	EndGlobalSection
	GlobalSection(SolutionProperties) = preSolution
		HideSolutionNode = FALSE
	EndGlobalSection
	GlobalSection(ExtensibilityGlobals) = postSolution
		SolutionGuid = {3705D9E8-FCCA-4A0D-A502-E96D667263CA}
	EndGlobalSection
EndGlobal
